
Microsoft Visual Studio Solution File, Format Version 12.00
# Visual Studio Version 16
VisualStudioVersion = 16.0.28917.181
MinimumVisualStudioVersion = 10.0.40219.1
Project("{9A19103F-16F7-4668-BE54-9A1E7A4F7556}") = "SCA.API", "SCA\SCA.API.csproj", "{D1610ED8-CD01-4A3B-A983-F7BB47CA2CEF}"
EndProject
Project("{9A19103F-16F7-4668-BE54-9A1E7A4F7556}") = "SCA.Repository", "SCA.Repository\SCA.Repository.csproj", "{E3A83B86-6092-4107-B5A9-790CA0812290}"
EndProject
Project("{9A19103F-16F7-4668-BE54-9A1E7A4F7556}") = "SCA.Model", "SCA.Model\SCA.Model.csproj", "{A7071035-F44D-4C50-87D0-EAD38F905179}"
EndProject
Project("{9A19103F-16F7-4668-BE54-9A1E7A4F7556}") = "SCA.ViewModel", "SCA.ViewModel\SCA.ViewModel.csproj", "{4618345F-F287-446A-B359-8BA31EAE363A}"
EndProject
Project("{9A19103F-16F7-4668-BE54-9A1E7A4F7556}") = "SCA.ApplicationService", "SCA.ApplicationService\SCA.ApplicationService.csproj", "{741477A9-483B-4C17-B1C5-FA8244173A34}"
EndProject
Project("{9A19103F-16F7-4668-BE54-9A1E7A4F7556}") = "SCA.Service", "SCA.Service\SCA.Service.csproj", "{2D265AC3-8E8F-408D-BF9F-4C6ABC7955BA}"
EndProject
Project("{9A19103F-16F7-4668-BE54-9A1E7A4F7556}") = "SCA.Infraestrutura", "SCA.Infraestrutura\SCA.Infraestrutura.csproj", "{0311BE8F-8652-468E-A8AD-F6D6D27C61F5}"
EndProject
Project("{FAE04EC0-301F-11D3-BF4B-00C04F79EFBC}") = "SCA.MicroservicesAPI", "SCA.MicroservicesAPI\SCA.MicroservicesAPI.csproj", "{0AE49334-92CC-40A1-B13C-2AD7EC49D751}"
EndProject
Global
	GlobalSection(SolutionConfigurationPlatforms) = preSolution
		Debug|Any CPU = Debug|Any CPU
		Release|Any CPU = Release|Any CPU
	EndGlobalSection
	GlobalSection(ProjectConfigurationPlatforms) = postSolution
		{D1610ED8-CD01-4A3B-A983-F7BB47CA2CEF}.Debug|Any CPU.ActiveCfg = Debug|Any CPU
		{D1610ED8-CD01-4A3B-A983-F7BB47CA2CEF}.Debug|Any CPU.Build.0 = Debug|Any CPU
		{D1610ED8-CD01-4A3B-A983-F7BB47CA2CEF}.Release|Any CPU.ActiveCfg = Release|Any CPU
		{D1610ED8-CD01-4A3B-A983-F7BB47CA2CEF}.Release|Any CPU.Build.0 = Release|Any CPU
		{E3A83B86-6092-4107-B5A9-790CA0812290}.Debug|Any CPU.ActiveCfg = Debug|Any CPU
		{E3A83B86-6092-4107-B5A9-790CA0812290}.Debug|Any CPU.Build.0 = Debug|Any CPU
		{E3A83B86-6092-4107-B5A9-790CA0812290}.Release|Any CPU.ActiveCfg = Release|Any CPU
		{E3A83B86-6092-4107-B5A9-790CA0812290}.Release|Any CPU.Build.0 = Release|Any CPU
		{A7071035-F44D-4C50-87D0-EAD38F905179}.Debug|Any CPU.ActiveCfg = Debug|Any CPU
		{A7071035-F44D-4C50-87D0-EAD38F905179}.Debug|Any CPU.Build.0 = Debug|Any CPU
		{A7071035-F44D-4C50-87D0-EAD38F905179}.Release|Any CPU.ActiveCfg = Release|Any CPU
		{A7071035-F44D-4C50-87D0-EAD38F905179}.Release|Any CPU.Build.0 = Release|Any CPU
		{4618345F-F287-446A-B359-8BA31EAE363A}.Debug|Any CPU.ActiveCfg = Debug|Any CPU
		{4618345F-F287-446A-B359-8BA31EAE363A}.Debug|Any CPU.Build.0 = Debug|Any CPU
		{4618345F-F287-446A-B359-8BA31EAE363A}.Release|Any CPU.ActiveCfg = Release|Any CPU
		{4618345F-F287-446A-B359-8BA31EAE363A}.Release|Any CPU.Build.0 = Release|Any CPU
		{741477A9-483B-4C17-B1C5-FA8244173A34}.Debug|Any CPU.ActiveCfg = Debug|Any CPU
		{741477A9-483B-4C17-B1C5-FA8244173A34}.Debug|Any CPU.Build.0 = Debug|Any CPU
		{741477A9-483B-4C17-B1C5-FA8244173A34}.Release|Any CPU.ActiveCfg = Release|Any CPU
		{741477A9-483B-4C17-B1C5-FA8244173A34}.Release|Any CPU.Build.0 = Release|Any CPU
		{2D265AC3-8E8F-408D-BF9F-4C6ABC7955BA}.Debug|Any CPU.ActiveCfg = Debug|Any CPU
		{2D265AC3-8E8F-408D-BF9F-4C6ABC7955BA}.Debug|Any CPU.Build.0 = Debug|Any CPU
		{2D265AC3-8E8F-408D-BF9F-4C6ABC7955BA}.Release|Any CPU.ActiveCfg = Release|Any CPU
		{2D265AC3-8E8F-408D-BF9F-4C6ABC7955BA}.Release|Any CPU.Build.0 = Release|Any CPU
		{0311BE8F-8652-468E-A8AD-F6D6D27C61F5}.Debug|Any CPU.ActiveCfg = Debug|Any CPU
		{0311BE8F-8652-468E-A8AD-F6D6D27C61F5}.Debug|Any CPU.Build.0 = Debug|Any CPU
		{0311BE8F-8652-468E-A8AD-F6D6D27C61F5}.Release|Any CPU.ActiveCfg = Release|Any CPU
		{0311BE8F-8652-468E-A8AD-F6D6D27C61F5}.Release|Any CPU.Build.0 = Release|Any CPU
		{0AE49334-92CC-40A1-B13C-2AD7EC49D751}.Debug|Any CPU.ActiveCfg = Debug|Any CPU
		{0AE49334-92CC-40A1-B13C-2AD7EC49D751}.Debug|Any CPU.Build.0 = Debug|Any CPU
		{0AE49334-92CC-40A1-B13C-2AD7EC49D751}.Release|Any CPU.ActiveCfg = Release|Any CPU
		{0AE49334-92CC-40A1-B13C-2AD7EC49D751}.Release|Any CPU.Build.0 = Release|Any CPU
	EndGlobalSection
	GlobalSection(SolutionProperties) = preSolution
		HideSolutionNode = FALSE
	EndGlobalSection
	GlobalSection(ExtensibilityGlobals) = postSolution
		SolutionGuid = {C61A8AC1-1033-4659-A420-3222A171E0DA}
	EndGlobalSection
EndGlobal
